PODS:
  - YUIArchitectureKit (0.1.0):
    - YUIArchitectureKit/YUIArchitecture (= 0.1.0)
    - YUIArchitectureKit/YUICore (= 0.1.0)
    - YUIArchitectureKit/YUILog (= 0.1.0)
    - YUIArchitectureKit/YUIWeakObjectContainer (= 0.1.0)
  - YUIArchitectureKit/YUIArchitecture (0.1.0):
    - YUIArchitectureKit/YUICore
    - YUIArchitectureKit/YUILog
    - YUIArchitectureKit/YUIWeakObjectContainer
  - YUIArchitectureKit/YUICore (0.1.0):
    - YUIArchitectureKit/YUILog
    - YUIArchitectureKit/YUIWeakObjectContainer
  - YUIArchitectureKit/YUILog (0.1.0)
  - YUIArchitectureKit/YUIWeakObjectContainer (0.1.0)

DEPENDENCIES:
  - YUIArchitectureKit (from `../`)

EXTERNAL SOURCES:
  YUIArchitectureKit:
    :path: "../"

SPEC CHECKSUMS:
  YUIArchitectureKit: c23f0981f2487bbf754e9bb6ee05f0f1d7f2ad2c

PODFILE CHECKSUM: c0769de5ccea42cadacb61599a2afbf99b323f09

COCOAPODS: 1.10.1
