PODS:
  - FBSnapshotTestCase (2.1.4):
    - FBSnapshotTestCase/SwiftSupport (= 2.1.4)
  - FBSnapshotTestCase/Core (2.1.4)
  - FBSnapshotTestCase/SwiftSupport (2.1.4):
    - FBSnapshotTestCase/Core
  - YUIKit (0.1.0)

DEPENDENCIES:
  - FBSnapshotTestCase
  - YUIKit (from `../`)

SPEC REPOS:
  trunk:
    - FBSnapshotTestCase

EXTERNAL SOURCES:
  YUIKit:
    :path: "../"

SPEC CHECKSUMS:
  FBSnapshotTestCase: 094f9f314decbabe373b87cc339bea235a63e07a
  YUIKit: e60981c2550fe146e3b450cdad418c79912af76c

PODFILE CHECKSUM: 0193bfc8f30d86e9144290c9b92c85696d6c9f21

COCOAPODS: 1.10.1
